// !$*UTF8*$!
{
	archiveVersion = 1;
	classes = {
	};
	objectVersion = 46;
	objects = {

/* Begin PBXBuildFile section */
		C0DF3AA01E487B990076E372 /* main.m in Sources */ = {isa = PBXBuildFile; fileRef = C0DF3A9F1E487B990076E372 /* main.m */; };
		C0DF3AA31E487B990076E372 /* AppDelegate.m in Sources */ = {isa = PBXBuildFile; fileRef = C0DF3AA21E487B990076E372 /* AppDelegate.m */; };
		C0DF3AA61E487B990076E372 /* ViewController.m in Sources */ = {isa = PBXBuildFile; fileRef = C0DF3AA51E487B990076E372 /* ViewController.m */; };
		C0DF3AA91E487B990076E372 /* Main.storyboard in Resources */ = {isa = PBXBuildFile; fileRef = C0DF3AA71E487B990076E372 /* Main.storyboard */; };
		C0DF3AAB1E487B990076E372 /* Assets.xcassets in Resources */ = {isa = PBXBuildFile; fileRef = C0DF3AAA1E487B990076E372 /* Assets.xcassets */; };
		C0DF3AAE1E487B990076E372 /* LaunchScreen.storyboard in Resources */ = {isa = PBXBuildFile; fileRef = C0DF3AAC1E487B990076E372 /* LaunchScreen.storyboard */; };
		C0DF3AB91E487B990076E372 /* souceTree___Tests.m in Sources */ = {isa = PBXBuildFile; fileRef = C0DF3AB81E487B990076E372 /* souceTree___Tests.m */; };
		C0DF3AC41E487B990076E372 /* souceTree___UITests.m in Sources */ = {isa = PBXBuildFile; fileRef = C0DF3AC31E487B990076E372 /* souceTree___UITests.m */; };
/* End PBXBuildFile section */

/* Begin PBXContainerItemProxy section */
		C0DF3AB51E487B990076E372 /* PBXContainerItemProxy */ = {
			isa = PBXContainerItemProxy;
			containerPortal = C0DF3A931E487B990076E372 /* Project object */;
			proxyType = 1;
			remoteGlobalIDString = C0DF3A9A1E487B990076E372;
			remoteInfo = souceTree...;
		};
		C0DF3AC01E487B990076E372 /* PBXContainerItemProxy */ = {
			isa = PBXContainerItemProxy;
			containerPortal = C0DF3A931E487B990076E372 /* Project object */;
			proxyType = 1;
			remoteGlobalIDString = C0DF3A9A1E487B990076E372;
			remoteInfo = souceTree...;
		};
/* End PBXContainerItemProxy section */

/* Begin PBXFileReference section */
		C0DF3A9B1E487B990076E372 /* souceTree....app */ = {isa = PBXFileReference; explicitFileType = wrapper.application; includeInIndex = 0; path = souceTree....app; sourceTree = BUILT_PRODUCTS_DIR; };
		C0DF3A9F1E487B990076E372 /* main.m */ = {isa = PBXFileReference; lastKnownFileType = sourcecode.c.objc; path = main.m; sourceTree = "<group>"; };
		C0DF3AA11E487B990076E372 /* AppDelegate.h */ = {isa = PBXFileReference; lastKnownFileType = sourcecode.c.h; path = AppDelegate.h; sourceTree = "<group>"; };
		C0DF3AA21E487B990076E372 /* AppDelegate.m */ = {isa = PBXFileReference; lastKnownFileType = sourcecode.c.objc; path = AppDelegate.m; sourceTree = "<group>"; };
		C0DF3AA41E487B990076E372 /* ViewController.h */ = {isa = PBXFileReference; lastKnownFileType = sourcecode.c.h; path = ViewController.h; sourceTree = "<group>"; };
		C0DF3AA51E487B990076E372 /* ViewController.m */ = {isa = PBXFileReference; lastKnownFileType = sourcecode.c.objc; path = ViewController.m; sourceTree = "<group>"; };
		C0DF3AA81E487B990076E372 /* Base */ = {isa = PBXFileReference; lastKnownFileType = file.storyboard; name = Base; path = Base.lproj/Main.storyboard; sourceTree = "<group>"; };
		C0DF3AAA1E487B990076E372 /* Assets.xcassets */ = {isa = PBXFileReference; lastKnownFileType = folder.assetcatalog; path = Assets.xcassets; sourceTree = "<group>"; };
		C0DF3AAD1E487B990076E372 /* Base */ = {isa = PBXFileReference; lastKnownFileType = file.storyboard; name = Base; path = Base.lproj/LaunchScreen.storyboard; sourceTree = "<group>"; };
		C0DF3AAF1E487B990076E372 /* Info.plist */ = {isa = PBXFileReference; lastKnownFileType = text.plist.xml; path = Info.plist; sourceTree = "<group>"; };
		C0DF3AB41E487B990076E372 /* souceTree...Tests.xctest */ = {isa = PBXFileReference; explicitFileType = wrapper.cfbundle; includeInIndex = 0; path = souceTree...Tests.xctest; sourceTree = BUILT_PRODUCTS_DIR; };
		C0DF3AB81E487B990076E372 /* souceTree___Tests.m */ = {isa = PBXFileReference; lastKnownFileType = sourcecode.c.objc; path = "souceTree___Tests.m"; sourceTree = "<group>"; };
		C0DF3ABA1E487B990076E372 /* Info.plist */ = {isa = PBXFileReference; lastKnownFileType = text.plist.xml; path = Info.plist; sourceTree = "<group>"; };
		C0DF3ABF1E487B990076E372 /* souceTree...UITests.xctest */ = {isa = PBXFileReference; explicitFileType = wrapper.cfbundle; includeInIndex = 0; path = souceTree...UITests.xctest; sourceTree = BUILT_PRODUCTS_DIR; };
		C0DF3AC31E487B990076E372 /* souceTree___UITests.m */ = {isa = PBXFileReference; lastKnownFileType = sourcecode.c.objc; path = "souceTree___UITests.m"; sourceTree = "<group>"; };
		C0DF3AC51E487B990076E372 /* Info.plist */ = {isa = PBXFileReference; lastKnownFileType = text.plist.xml; path = Info.plist; sourceTree = "<group>"; };
/* End PBXFileReference section */

/* Begin PBXFrameworksBuildPhase section */
		C0DF3A981E487B990076E372 /* Frameworks */ = {
			isa = PBXFrameworksBuildPhase;
			buildActionMask = 2147483647;
			files = (
			);
			runOnlyForDeploymentPostprocessing = 0;
		};
		C0DF3AB11E487B990076E372 /* Frameworks */ = {
			isa = PBXFrameworksBuildPhase;
			buildActionMask = 2147483647;
			files = (
			);
			runOnlyForDeploymentPostprocessing = 0;
		};
		C0DF3ABC1E487B990076E372 /* Frameworks */ = {
			isa = PBXFrameworksBuildPhase;
			buildActionMask = 2147483647;
			files = (
			);
			runOnlyForDeploymentPostprocessing = 0;
		};
/* End PBXFrameworksBuildPhase section */

/* Begin PBXGroup section */
		C0DF3A921E487B990076E372 = {
			isa = PBXGroup;
			children = (
				C0DF3A9D1E487B990076E372 /* souceTree... */,
				C0DF3AB71E487B990076E372 /* souceTree...Tests */,
				C0DF3AC21E487B990076E372 /* souceTree...UITests */,
				C0DF3A9C1E487B990076E372 /* Products */,
			);
			sourceTree = "<group>";
		};
		C0DF3A9C1E487B990076E372 /* Products */ = {
			isa = PBXGroup;
			children = (
				C0DF3A9B1E487B990076E372 /* souceTree....app */,
				C0DF3AB41E487B990076E372 /* souceTree...Tests.xctest */,
				C0DF3ABF1E487B990076E372 /* souceTree...UITests.xctest */,
			);
			name = Products;
			sourceTree = "<group>";
		};
		C0DF3A9D1E487B990076E372 /* souceTree... */ = {
			isa = PBXGroup;
			children = (
				C0DF3AA11E487B990076E372 /* AppDelegate.h */,
				C0DF3AA21E487B990076E372 /* AppDelegate.m */,
				C0DF3AA41E487B990076E372 /* ViewController.h */,
				C0DF3AA51E487B990076E372 /* ViewController.m */,
				C0DF3AA71E487B990076E372 /* Main.storyboard */,
				C0DF3AAA1E487B990076E372 /* Assets.xcassets */,
				C0DF3AAC1E487B990076E372 /* LaunchScreen.storyboard */,
				C0DF3AAF1E487B990076E372 /* Info.plist */,
				C0DF3A9E1E487B990076E372 /* Supporting Files */,
			);
			path = souceTree...;
			sourceTree = "<group>";
		};
		C0DF3A9E1E487B990076E372 /* Supporting Files */ = {
			isa = PBXGroup;
			children = (
				C0DF3A9F1E487B990076E372 /* main.m */,
			);
			name = "Supporting Files";
			sourceTree = "<group>";
		};
		C0DF3AB71E487B990076E372 /* souceTree...Tests */ = {
			isa = PBXGroup;
			children = (
				C0DF3AB81E487B990076E372 /* souceTree___Tests.m */,
				C0DF3ABA1E487B990076E372 /* Info.plist */,
			);
			path = souceTree...Tests;
			sourceTree = "<group>";
		};
		C0DF3AC21E487B990076E372 /* souceTree...UITests */ = {
			isa = PBXGroup;
			children = (
				C0DF3AC31E487B990076E372 /* souceTree___UITests.m */,
				C0DF3AC51E487B990076E372 /* Info.plist */,
			);
			path = souceTree...UITests;
			sourceTree = "<group>";
		};
/* End PBXGroup section */

/* Begin PBXNativeTarget section */
		C0DF3A9A1E487B990076E372 /* souceTree... */ = {
			isa = PBXNativeTarget;
			buildConfigurationList = C0DF3AC81E487B990076E372 /* Build configuration list for PBXNativeTarget "souceTree..." */;
			buildPhases = (
				C0DF3A971E487B990076E372 /* Sources */,
				C0DF3A981E487B990076E372 /* Frameworks */,
				C0DF3A991E487B990076E372 /* Resources */,
			);
			buildRules = (
			);
			dependencies = (
			);
			name = souceTree...;
			productName = souceTree...;
			productReference = C0DF3A9B1E487B990076E372 /* souceTree....app */;
			productType = "com.apple.product-type.application";
		};
		C0DF3AB31E487B990076E372 /* souceTree...Tests */ = {
			isa = PBXNativeTarget;
			buildConfigurationList = C0DF3ACB1E487B990076E372 /* Build configuration list for PBXNativeTarget "souceTree...Tests" */;
			buildPhases = (
				C0DF3AB01E487B990076E372 /* Sources */,
				C0DF3AB11E487B990076E372 /* Frameworks */,
				C0DF3AB21E487B990076E372 /* Resources */,
			);
			buildRules = (
			);
			dependencies = (
				C0DF3AB61E487B990076E372 /* PBXTargetDependency */,
			);
			name = souceTree...Tests;
			productName = souceTree...Tests;
			productReference = C0DF3AB41E487B990076E372 /* souceTree...Tests.xctest */;
			productType = "com.apple.product-type.bundle.unit-test";
		};
		C0DF3ABE1E487B990076E372 /* souceTree...UITests */ = {
			isa = PBXNativeTarget;
			buildConfigurationList = C0DF3ACE1E487B990076E372 /* Build configuration list for PBXNativeTarget "souceTree...UITests" */;
			buildPhases = (
				C0DF3ABB1E487B990076E372 /* Sources */,
				C0DF3ABC1E487B990076E372 /* Frameworks */,
				C0DF3ABD1E487B990076E372 /* Resources */,
			);
			buildRules = (
			);
			dependencies = (
				C0DF3AC11E487B990076E372 /* PBXTargetDependency */,
			);
			name = souceTree...UITests;
			productName = souceTree...UITests;
			productReference = C0DF3ABF1E487B990076E372 /* souceTree...UITests.xctest */;
			productType = "com.apple.product-type.bundle.ui-testing";
		};
/* End PBXNativeTarget section */

/* Begin PBXProject section */
		C0DF3A931E487B990076E372 /* Project object */ = {
			isa = PBXProject;
			attributes = {
				LastUpgradeCheck = 0810;
				ORGANIZATIONNAME = Zeus;
				TargetAttributes = {
					C0DF3A9A1E487B990076E372 = {
						CreatedOnToolsVersion = 8.1;
						DevelopmentTeam = 7J3H3Y24CT;
						ProvisioningStyle = Automatic;
					};
					C0DF3AB31E487B990076E372 = {
						CreatedOnToolsVersion = 8.1;
						DevelopmentTeam = 7J3H3Y24CT;
						ProvisioningStyle = Automatic;
						TestTargetID = C0DF3A9A1E487B990076E372;
					};
					C0DF3ABE1E487B990076E372 = {
						CreatedOnToolsVersion = 8.1;
						DevelopmentTeam = 7J3H3Y24CT;
						ProvisioningStyle = Automatic;
						TestTargetID = C0DF3A9A1E487B990076E372;
					};
				};
			};
			buildConfigurationList = C0DF3A961E487B990076E372 /* Build configuration list for PBXProject "souceTree..." */;
			compatibilityVersion = "Xcode 3.2";
			developmentRegion = English;
			hasScannedForEncodings = 0;
			knownRegions = (
				en,
				Base,
			);
			mainGroup = C0DF3A921E487B990076E372;
			productRefGroup = C0DF3A9C1E487B990076E372 /* Products */;
			projectDirPath = "";
			projectRoot = "";
			targets = (
				C0DF3A9A1E487B990076E372 /* souceTree... */,
				C0DF3AB31E487B990076E372 /* souceTree...Tests */,
				C0DF3ABE1E487B990076E372 /* souceTree...UITests */,
			);
		};
/* End PBXProject section */

/* Begin PBXResourcesBuildPhase section */
		C0DF3A991E487B990076E372 /* Resources */ = {
			isa = PBXResourcesBuildPhase;
			buildActionMask = 2147483647;
			files = (
				C0DF3AAE1E487B990076E372 /* LaunchScreen.storyboard in Resources */,
				C0DF3AAB1E487B990076E372 /* Assets.xcassets in Resources */,
				C0DF3AA91E487B990076E372 /* Main.storyboard in Resources */,
			);
			runOnlyForDeploymentPostprocessing = 0;
		};
		C0DF3AB21E487B990076E372 /* Resources */ = {
			isa = PBXResourcesBuildPhase;
			buildActionMask = 2147483647;
			files = (
			);
			runOnlyForDeploymentPostprocessing = 0;
		};
		C0DF3ABD1E487B990076E372 /* Resources */ = {
			isa = PBXResourcesBuildPhase;
			buildActionMask = 2147483647;
			files = (
			);
			runOnlyForDeploymentPostprocessing = 0;
		};
/* End PBXResourcesBuildPhase section */

/* Begin PBXSourcesBuildPhase section */
		C0DF3A971E487B990076E372 /* Sources */ = {
			isa = PBXSourcesBuildPhase;
			buildActionMask = 2147483647;
			files = (
				C0DF3AA61E487B990076E372 /* ViewController.m in Sources */,
				C0DF3AA31E487B990076E372 /* AppDelegate.m in Sources */,
				C0DF3AA01E487B990076E372 /* main.m in Sources */,
			);
			runOnlyForDeploymentPostprocessing = 0;
		};
		C0DF3AB01E487B990076E372 /* Sources */ = {
			isa = PBXSourcesBuildPhase;
			buildActionMask = 2147483647;
			files = (
				C0DF3AB91E487B990076E372 /* souceTree___Tests.m in Sources */,
			);
			runOnlyForDeploymentPostprocessing = 0;
		};
		C0DF3ABB1E487B990076E372 /* Sources */ = {
			isa = PBXSourcesBuildPhase;
			buildActionMask = 2147483647;
			files = (
				C0DF3AC41E487B990076E372 /* souceTree___UITests.m in Sources */,
			);
			runOnlyForDeploymentPostprocessing = 0;
		};
/* End PBXSourcesBuildPhase section */

/* Begin PBXTargetDependency section */
		C0DF3AB61E487B990076E372 /* PBXTargetDependency */ = {
			isa = PBXTargetDependency;
			target = C0DF3A9A1E487B990076E372 /* souceTree... */;
			targetProxy = C0DF3AB51E487B990076E372 /* PBXContainerItemProxy */;
		};
		C0DF3AC11E487B990076E372 /* PBXTargetDependency */ = {
			isa = PBXTargetDependency;
			target = C0DF3A9A1E487B990076E372 /* souceTree... */;
			targetProxy = C0DF3AC01E487B990076E372 /* PBXContainerItemProxy */;
		};
/* End PBXTargetDependency section */

/* Begin PBXVariantGroup section */
		C0DF3AA71E487B990076E372 /* Main.storyboard */ = {
			isa = PBXVariantGroup;
			children = (
				C0DF3AA81E487B990076E372 /* Base */,
			);
			name = Main.storyboard;
			sourceTree = "<group>";
		};
		C0DF3AAC1E487B990076E372 /* LaunchScreen.storyboard */ = {
			isa = PBXVariantGroup;
			children = (
				C0DF3AAD1E487B990076E372 /* Base */,
			);
			name = LaunchScreen.storyboard;
			sourceTree = "<group>";
		};
/* End PBXVariantGroup section */

/* Begin XCBuildConfiguration section */
		C0DF3AC61E487B990076E372 /* Debug */ = {
			isa = XCBuildConfiguration;
			buildSettings = {
				ALWAYS_SEARCH_USER_PATHS = NO;
				CLANG_ANALYZER_NONNULL = YES;
				CLANG_CXX_LANGUAGE_STANDARD = "gnu++0x";
				CLANG_CXX_LIBRARY = "libc++";
				CLANG_ENABLE_MODULES = YES;
				CLANG_ENABLE_OBJC_ARC = YES;
				CLANG_WARN_BOOL_CONVERSION = YES;
				CLANG_WARN_CONSTANT_CONVERSION = YES;
				CLANG_WARN_DIRECT_OBJC_ISA_USAGE = YES_ERROR;
				CLANG_WARN_DOCUMENTATION_COMMENTS = YES;
				CLANG_WARN_EMPTY_BODY = YES;
				CLANG_WARN_ENUM_CONVERSION = YES;
				CLANG_WARN_INFINITE_RECURSION = YES;
				CLANG_WARN_INT_CONVERSION = YES;
				CLANG_WARN_OBJC_ROOT_CLASS = YES_ERROR;
				CLANG_WARN_SUSPICIOUS_MOVES = YES;
				CLANG_WARN_UNREACHABLE_CODE = YES;
				CLANG_WARN__DUPLICATE_METHOD_MATCH = YES;
				"CODE_SIGN_IDENTITY[sdk=iphoneos*]" = "iPhone Developer";
				COPY_PHASE_STRIP = NO;
				DEBUG_INFORMATION_FORMAT = dwarf;
				ENABLE_STRICT_OBJC_MSGSEND = YES;
				ENABLE_TESTABILITY = YES;
				GCC_C_LANGUAGE_STANDARD = gnu99;
				GCC_DYNAMIC_NO_PIC = NO;
				GCC_NO_COMMON_BLOCKS = YES;
				GCC_OPTIMIZATION_LEVEL = 0;
				GCC_PREPROCESSOR_DEFINITIONS = (
					"DEBUG=1",
					"$(inherited)",
				);
				GCC_WARN_64_TO_32_BIT_CONVERSION = YES;
				GCC_WARN_ABOUT_RETURN_TYPE = YES_ERROR;
				GCC_WARN_UNDECLARED_SELECTOR = YES;
				GCC_WARN_UNINITIALIZED_AUTOS = YES_AGGRESSIVE;
				GCC_WARN_UNUSED_FUNCTION = YES;
				GCC_WARN_UNUSED_VARIABLE = YES;
				IPHONEOS_DEPLOYMENT_TARGET = 10.1;
				MTL_ENABLE_DEBUG_INFO = YES;
				ONLY_ACTIVE_ARCH = YES;
				SDKROOT = iphoneos;
			};
			name = Debug;
		};
		C0DF3AC71E487B990076E372 /* Release */ = {
			isa = XCBuildConfiguration;
			buildSettings = {
				ALWAYS_SEARCH_USER_PATHS = NO;
				CLANG_ANALYZER_NONNULL = YES;
				CLANG_CXX_LANGUAGE_STANDARD = "gnu++0x";
				CLANG_CXX_LIBRARY = "libc++";
				CLANG_ENABLE_MODULES = YES;
				CLANG_ENABLE_OBJC_ARC = YES;
				CLANG_WARN_BOOL_CONVERSION = YES;
				CLANG_WARN_CONSTANT_CONVERSION = YES;
				CLANG_WARN_DIRECT_OBJC_ISA_USAGE = YES_ERROR;
				CLANG_WARN_DOCUMENTATION_COMMENTS = YES;
				CLANG_WARN_EMPTY_BODY = YES;
				CLANG_WARN_ENUM_CONVERSION = YES;
				CLANG_WARN_INFINITE_RECURSION = YES;
				CLANG_WARN_INT_CONVERSION = YES;
				CLANG_WARN_OBJC_ROOT_CLASS = YES_ERROR;
				CLANG_WARN_SUSPICIOUS_MOVES = YES;
				CLANG_WARN_UNREACHABLE_CODE = YES;
				CLANG_WARN__DUPLICATE_METHOD_MATCH = YES;
				"CODE_SIGN_IDENTITY[sdk=iphoneos*]" = "iPhone Developer";
				COPY_PHASE_STRIP = NO;
				DEBUG_INFORMATION_FORMAT = "dwarf-with-dsym";
				ENABLE_NS_ASSERTIONS = NO;
				ENABLE_STRICT_OBJC_MSGSEND = YES;
				GCC_C_LANGUAGE_STANDARD = gnu99;
				GCC_NO_COMMON_BLOCKS = YES;
				GCC_WARN_64_TO_32_BIT_CONVERSION = YES;
				GCC_WARN_ABOUT_RETURN_TYPE = YES_ERROR;
				GCC_WARN_UNDECLARED_SELECTOR = YES;
				GCC_WARN_UNINITIALIZED_AUTOS = YES_AGGRESSIVE;
				GCC_WARN_UNUSED_FUNCTION = YES;
				GCC_WARN_UNUSED_VARIABLE = YES;
				IPHONEOS_DEPLOYMENT_TARGET = 10.1;
				MTL_ENABLE_DEBUG_INFO = NO;
				SDKROOT = iphoneos;
				VALIDATE_PRODUCT = YES;
			};
			name = Release;
		};
		C0DF3AC91E487B990076E372 /* Debug */ = {
			isa = XCBuildConfiguration;
			buildSettings = {
				ASSETCATALOG_COMPILER_APPICON_NAME = AppIcon;
				DEVELOPMENT_TEAM = 7J3H3Y24CT;
				INFOPLIST_FILE = souceTree.../Info.plist;
				LD_RUNPATH_SEARCH_PATHS = "$(inherited) @executable_path/Frameworks";
				PRODUCT_BUNDLE_IDENTIFIER = "cn.Zeus.souceTree---";
				PRODUCT_NAME = "$(TARGET_NAME)";
			};
			name = Debug;
		};
		C0DF3ACA1E487B990076E372 /* Release */ = {
			isa = XCBuildConfiguration;
			buildSettings = {
				ASSETCATALOG_COMPILER_APPICON_NAME = AppIcon;
				DEVELOPMENT_TEAM = 7J3H3Y24CT;
				INFOPLIST_FILE = souceTree.../Info.plist;
				LD_RUNPATH_SEARCH_PATHS = "$(inherited) @executable_path/Frameworks";
				PRODUCT_BUNDLE_IDENTIFIER = "cn.Zeus.souceTree---";
				PRODUCT_NAME = "$(TARGET_NAME)";
			};
			name = Release;
		};
		C0DF3ACC1E487B990076E372 /* Debug */ = {
			isa = XCBuildConfiguration;
			buildSettings = {
				BUNDLE_LOADER = "$(TEST_HOST)";
				DEVELOPMENT_TEAM = 7J3H3Y24CT;
				INFOPLIST_FILE = souceTree...Tests/Info.plist;
				LD_RUNPATH_SEARCH_PATHS = "$(inherited) @executable_path/Frameworks @loader_path/Frameworks";
				PRODUCT_BUNDLE_IDENTIFIER = "cn.Zeus.souceTree---Tests";
				PRODUCT_NAME = "$(TARGET_NAME)";
				TEST_HOST = "$(BUILT_PRODUCTS_DIR)/souceTree....app/souceTree...";
			};
			name = Debug;
		};
		C0DF3ACD1E487B990076E372 /* Release */ = {
			isa = XCBuildConfiguration;
			buildSettings = {
				BUNDLE_LOADER = "$(TEST_HOST)";
				DEVELOPMENT_TEAM = 7J3H3Y24CT;
				INFOPLIST_FILE = souceTree...Tests/Info.plist;
				LD_RUNPATH_SEARCH_PATHS = "$(inherited) @executable_path/Frameworks @loader_path/Frameworks";
				PRODUCT_BUNDLE_IDENTIFIER = "cn.Zeus.souceTree---Tests";
				PRODUCT_NAME = "$(TARGET_NAME)";
				TEST_HOST = "$(BUILT_PRODUCTS_DIR)/souceTree....app/souceTree...";
			};
			name = Release;
		};
		C0DF3ACF1E487B990076E372 /* Debug */ = {
			isa = XCBuildConfiguration;
			buildSettings = {
				DEVELOPMENT_TEAM = 7J3H3Y24CT;
				INFOPLIST_FILE = souceTree...UITests/Info.plist;
				LD_RUNPATH_SEARCH_PATHS = "$(inherited) @executable_path/Frameworks @loader_path/Frameworks";
				PRODUCT_BUNDLE_IDENTIFIER = "cn.Zeus.souceTree---UITests";
				PRODUCT_NAME = "$(TARGET_NAME)";
				TEST_TARGET_NAME = souceTree...;
			};
			name = Debug;
		};
		C0DF3AD01E487B990076E372 /* Release */ = {
			isa = XCBuildConfiguration;
			buildSettings = {
				DEVELOPMENT_TEAM = 7J3H3Y24CT;
				INFOPLIST_FILE = souceTree...UITests/Info.plist;
				LD_RUNPATH_SEARCH_PATHS = "$(inherited) @executable_path/Frameworks @loader_path/Frameworks";
				PRODUCT_BUNDLE_IDENTIFIER = "cn.Zeus.souceTree---UITests";
				PRODUCT_NAME = "$(TARGET_NAME)";
				TEST_TARGET_NAME = souceTree...;
			};
			name = Release;
		};
/* End XCBuildConfiguration section */

/* Begin XCConfigurationList section */
		C0DF3A961E487B990076E372 /* Build configuration list for PBXProject "souceTree..." */ = {
			isa = XCConfigurationList;
			buildConfigurations = (
				C0DF3AC61E487B990076E372 /* Debug */,
				C0DF3AC71E487B990076E372 /* Release */,
			);
			defaultConfigurationIsVisible = 0;
			defaultConfigurationName = Release;
		};
		C0DF3AC81E487B990076E372 /* Build configuration list for PBXNativeTarget "souceTree..." */ = {
			isa = XCConfigurationList;
			buildConfigurations = (
				C0DF3AC91E487B990076E372 /* Debug */,
				C0DF3ACA1E487B990076E372 /* Release */,
			);
			defaultConfigurationIsVisible = 0;
		};
		C0DF3ACB1E487B990076E372 /* Build configuration list for PBXNativeTarget "souceTree...Tests" */ = {
			isa = XCConfigurationList;
			buildConfigurations = (
				C0DF3ACC1E487B990076E372 /* Debug */,
				C0DF3ACD1E487B990076E372 /* Release */,
			);
			defaultConfigurationIsVisible = 0;
		};
		C0DF3ACE1E487B990076E372 /* Build configuration list for PBXNativeTarget "souceTree...UITests" */ = {
			isa = XCConfigurationList;
			buildConfigurations = (
				C0DF3ACF1E487B990076E372 /* Debug */,
				C0DF3AD01E487B990076E372 /* Release */,
			);
			defaultConfigurationIsVisible = 0;
		};
/* End XCConfigurationList section */
	};
	rootObject = C0DF3A931E487B990076E372 /* Project object */;
}
